
Microsoft Visual Studio Solution File, Format Version 12.00
# Visual Studio 15
Project("{FAE04EC0-301F-11D3-BF4B-00C04F79EFBC}") = "Assembly-CSharp", "Assembly-CSharp.csproj", "{C6E16731-F040-63DD-FB47-C85B0C264158}"
EndProject
Project("{FAE04EC0-301F-11D3-BF4B-00C04F79EFBC}") = "Assembly-CSharp-firstpass", "Assembly-CSharp-firstpass.csproj", "{90DDB520-196A-A6AE-07FF-150D62E362BB}"
EndProject
Project("{FAE04EC0-301F-11D3-BF4B-00C04F79EFBC}") = "Boxophobic.Utils.Scripts", "Boxophobic.Utils.Scripts.csproj", "{2F9CD834-5642-7EDE-CD4B-D30D166F707B}"
EndProject
Project("{FAE04EC0-301F-11D3-BF4B-00C04F79EFBC}") = "Assembly-CSharp-Editor", "Assembly-CSharp-Editor.csproj", "{47AEF62B-EDC6-3613-F5C3-125676040171}"
EndProject
Project("{FAE04EC0-301F-11D3-BF4B-00C04F79EFBC}") = "Boxophobic.Utils.Editor", "Boxophobic.Utils.Editor.csproj", "{EB3C2DCA-9186-BB8B-A5F1-2ECCC42A1F96}"
EndProject
Project("{FAE04EC0-301F-11D3-BF4B-00C04F79EFBC}") = "Boxophobic.SkyboxCubemapExtended.Editor", "Boxophobic.SkyboxCubemapExtended.Editor.csproj", "{B9595DBD-33E6-2C1C-E749-727E3BFC8A84}"
EndProject
Global
	GlobalSection(SolutionConfigurationPlatforms) = preSolution
		Debug|Any CPU = Debug|Any CPU
		Release|Any CPU = Release|Any CPU
	EndGlobalSection
	GlobalSection(ProjectConfigurationPlatforms) = postSolution
		{C6E16731-F040-63DD-FB47-C85B0C264158}.Debug|Any CPU.ActiveCfg = Debug|Any CPU
		{C6E16731-F040-63DD-FB47-C85B0C264158}.Debug|Any CPU.Build.0 = Debug|Any CPU
		{C6E16731-F040-63DD-FB47-C85B0C264158}.Release|Any CPU.ActiveCfg = Release|Any CPU
		{C6E16731-F040-63DD-FB47-C85B0C264158}.Release|Any CPU.Build.0 = Release|Any CPU
		{90DDB520-196A-A6AE-07FF-150D62E362BB}.Debug|Any CPU.ActiveCfg = Debug|Any CPU
		{90DDB520-196A-A6AE-07FF-150D62E362BB}.Debug|Any CPU.Build.0 = Debug|Any CPU
		{90DDB520-196A-A6AE-07FF-150D62E362BB}.Release|Any CPU.ActiveCfg = Release|Any CPU
		{90DDB520-196A-A6AE-07FF-150D62E362BB}.Release|Any CPU.Build.0 = Release|Any CPU
		{2F9CD834-5642-7EDE-CD4B-D30D166F707B}.Debug|Any CPU.ActiveCfg = Debug|Any CPU
		{2F9CD834-5642-7EDE-CD4B-D30D166F707B}.Debug|Any CPU.Build.0 = Debug|Any CPU
		{2F9CD834-5642-7EDE-CD4B-D30D166F707B}.Release|Any CPU.ActiveCfg = Release|Any CPU
		{2F9CD834-5642-7EDE-CD4B-D30D166F707B}.Release|Any CPU.Build.0 = Release|Any CPU
		{47AEF62B-EDC6-3613-F5C3-125676040171}.Debug|Any CPU.ActiveCfg = Debug|Any CPU
		{47AEF62B-EDC6-3613-F5C3-125676040171}.Debug|Any CPU.Build.0 = Debug|Any CPU
		{47AEF62B-EDC6-3613-F5C3-125676040171}.Release|Any CPU.ActiveCfg = Release|Any CPU
		{47AEF62B-EDC6-3613-F5C3-125676040171}.Release|Any CPU.Build.0 = Release|Any CPU
		{EB3C2DCA-9186-BB8B-A5F1-2ECCC42A1F96}.Debug|Any CPU.ActiveCfg = Debug|Any CPU
		{EB3C2DCA-9186-BB8B-A5F1-2ECCC42A1F96}.Debug|Any CPU.Build.0 = Debug|Any CPU
		{EB3C2DCA-9186-BB8B-A5F1-2ECCC42A1F96}.Release|Any CPU.ActiveCfg = Release|Any CPU
		{EB3C2DCA-9186-BB8B-A5F1-2ECCC42A1F96}.Release|Any CPU.Build.0 = Release|Any CPU
		{B9595DBD-33E6-2C1C-E749-727E3BFC8A84}.Debug|Any CPU.ActiveCfg = Debug|Any CPU
		{B9595DBD-33E6-2C1C-E749-727E3BFC8A84}.Debug|Any CPU.Build.0 = Debug|Any CPU
		{B9595DBD-33E6-2C1C-E749-727E3BFC8A84}.Release|Any CPU.ActiveCfg = Release|Any CPU
		{B9595DBD-33E6-2C1C-E749-727E3BFC8A84}.Release|Any CPU.Build.0 = Release|Any CPU
	EndGlobalSection
	GlobalSection(SolutionProperties) = preSolution
		HideSolutionNode = FALSE
	EndGlobalSection
EndGlobal
